# This file is automatically @generated by Cargo.
# It is not intended for manual editing.
[[package]]
name = "autocfg"
version = "1.0.1"
source = "registry+https://github.com/rust-lang/crates.io-index"
checksum = "cdb031dd78e28731d87d56cc8ffef4a8f36ca26c38fe2de700543e627f8a464a"

[[package]]
name = "compiler_builtins"
version = "0.1.36"
source = "registry+https://github.com/rust-lang/crates.io-index"
checksum = "7cd0782e0a7da7598164153173e5a5d4d9b1da094473c98dce0ff91406112369"

[[package]]
name = "memoffset"
version = "0.5.6"
source = "registry+https://github.com/rust-lang/crates.io-index"
checksum = "043175f069eda7b85febe4a74abbaeff828d9f8b448515d3151a14a3542811aa"
dependencies = [
 "autocfg",
]

[[package]]
name = "sc"
version = "0.2.3"
source = "registry+https://github.com/rust-lang/crates.io-index"
checksum = "176365c8253e381ad147774b6d9730a1b3fe2d7db498af521ed7d968674a55b3"

[[package]]
name = "seccomp-tiny"
version = "0.1.1"
dependencies = [
 "compiler_builtins",
 "memoffset",
 "sc",
]
